
Microsoft Visual Studio Solution File, Format Version 12.00
Project("{5F1D0BAA-A518-423E-B128-A97490E64B50}") = "PatchManager", "src/PatchManager/PatchManager.csproj", "{CF1979BA-CAE1-4525-8C32-EA9F1A9324BD}"
EndProject
Project("{FAE04EC0-301F-11D3-BF4B-00C04F79EFBC}") = "PatchManager.Core", "src\PatchManager.Core\PatchManager.Core.csproj", "{F14D175D-865C-47E8-BCE8-AA14A39FB084}"
EndProject
Project("{FAE04EC0-301F-11D3-BF4B-00C04F79EFBC}") = "PatchManager.PreloadPatcher", "src\PatchManager.PreloadPatcher\PatchManager.PreloadPatcher.csproj", "{8BD0F66F-7C47-477D-B519-0118A9F55428}"
EndProject
Project("{FAE04EC0-301F-11D3-BF4B-00C04F79EFBC}") = "PatchManager.SassyPatching", "src\PatchManager.SassyPatching\PatchManager.SassyPatching.csproj", "{38D713EA-A57C-4C0E-9B72-09346D3034EE}"
EndProject
Project("{FAE04EC0-301F-11D3-BF4B-00C04F79EFBC}") = "PatchManager.SassyPatching.Tests", "src\PatchManager.SassyPatching.Tests\PatchManager.SassyPatching.Tests.csproj", "{95F3322B-A566-4BAB-8370-20C92EACDBC1}"
EndProject
Project("{FAE04EC0-301F-11D3-BF4B-00C04F79EFBC}") = "PatchManager.Shared", "src\PatchManager.Shared\PatchManager.Shared.csproj", "{DF0E5AE8-2B81-48E9-9BB2-CE29F2AAD9E7}"
EndProject
Global
	GlobalSection(SolutionConfigurationPlatforms) = preSolution
		Debug|Any CPU = Debug|Any CPU
		Release|Any CPU = Release|Any CPU
		Deploy|Any CPU = Deploy|Any CPU
		DeployAndRun|Any CPU = DeployAndRun|Any CPU
	EndGlobalSection
	GlobalSection(ProjectConfigurationPlatforms) = postSolution
		{CF1979BA-CAE1-4525-8C32-EA9F1A9324BD}.Debug|Any CPU.ActiveCfg = Debug|Any CPU
		{CF1979BA-CAE1-4525-8C32-EA9F1A9324BD}.Debug|Any CPU.Build.0 = Debug|Any CPU
		{CF1979BA-CAE1-4525-8C32-EA9F1A9324BD}.Release|Any CPU.ActiveCfg = Release|Any CPU
		{CF1979BA-CAE1-4525-8C32-EA9F1A9324BD}.Release|Any CPU.Build.0 = Release|Any CPU
		{CF1979BA-CAE1-4525-8C32-EA9F1A9324BD}.Deploy|Any CPU.ActiveCfg = Deploy|Any CPU
		{CF1979BA-CAE1-4525-8C32-EA9F1A9324BD}.Deploy|Any CPU.Build.0 = Deploy|Any CPU
		{CF1979BA-CAE1-4525-8C32-EA9F1A9324BD}.DeployAndRun|Any CPU.ActiveCfg = DeployAndRun|Any CPU
		{CF1979BA-CAE1-4525-8C32-EA9F1A9324BD}.DeployAndRun|Any CPU.Build.0 = DeployAndRun|Any CPU
		{F14D175D-865C-47E8-BCE8-AA14A39FB084}.Debug|Any CPU.ActiveCfg = Debug|Any CPU
		{F14D175D-865C-47E8-BCE8-AA14A39FB084}.Debug|Any CPU.Build.0 = Debug|Any CPU
		{F14D175D-865C-47E8-BCE8-AA14A39FB084}.Release|Any CPU.ActiveCfg = Release|Any CPU
		{F14D175D-865C-47E8-BCE8-AA14A39FB084}.Release|Any CPU.Build.0 = Release|Any CPU
		{F14D175D-865C-47E8-BCE8-AA14A39FB084}.Deploy|Any CPU.ActiveCfg = Deploy|Any CPU
		{F14D175D-865C-47E8-BCE8-AA14A39FB084}.Deploy|Any CPU.Build.0 = Deploy|Any CPU
		{F14D175D-865C-47E8-BCE8-AA14A39FB084}.DeployAndRun|Any CPU.ActiveCfg = DeployAndRun|Any CPU
		{F14D175D-865C-47E8-BCE8-AA14A39FB084}.DeployAndRun|Any CPU.Build.0 = DeployAndRun|Any CPU
		{8BD0F66F-7C47-477D-B519-0118A9F55428}.Debug|Any CPU.ActiveCfg = Debug|Any CPU
		{8BD0F66F-7C47-477D-B519-0118A9F55428}.Debug|Any CPU.Build.0 = Debug|Any CPU
		{8BD0F66F-7C47-477D-B519-0118A9F55428}.Release|Any CPU.ActiveCfg = Release|Any CPU
		{8BD0F66F-7C47-477D-B519-0118A9F55428}.Release|Any CPU.Build.0 = Release|Any CPU
		{8BD0F66F-7C47-477D-B519-0118A9F55428}.Deploy|Any CPU.ActiveCfg = Deploy|Any CPU
		{8BD0F66F-7C47-477D-B519-0118A9F55428}.Deploy|Any CPU.Build.0 = Deploy|Any CPU
		{8BD0F66F-7C47-477D-B519-0118A9F55428}.DeployAndRun|Any CPU.ActiveCfg = DeployAndRun|Any CPU
		{8BD0F66F-7C47-477D-B519-0118A9F55428}.DeployAndRun|Any CPU.Build.0 = DeployAndRun|Any CPU
		{38D713EA-A57C-4C0E-9B72-09346D3034EE}.Debug|Any CPU.ActiveCfg = Debug|Any CPU
		{38D713EA-A57C-4C0E-9B72-09346D3034EE}.Debug|Any CPU.Build.0 = Debug|Any CPU
		{38D713EA-A57C-4C0E-9B72-09346D3034EE}.Release|Any CPU.ActiveCfg = Release|Any CPU
		{38D713EA-A57C-4C0E-9B72-09346D3034EE}.Release|Any CPU.Build.0 = Release|Any CPU
		{38D713EA-A57C-4C0E-9B72-09346D3034EE}.Deploy|Any CPU.ActiveCfg = Deploy|Any CPU
		{38D713EA-A57C-4C0E-9B72-09346D3034EE}.Deploy|Any CPU.Build.0 = Deploy|Any CPU
		{38D713EA-A57C-4C0E-9B72-09346D3034EE}.DeployAndRun|Any CPU.ActiveCfg = DeployAndRun|Any CPU
		{38D713EA-A57C-4C0E-9B72-09346D3034EE}.DeployAndRun|Any CPU.Build.0 = DeployAndRun|Any CPU
		{95F3322B-A566-4BAB-8370-20C92EACDBC1}.Debug|Any CPU.ActiveCfg = Debug|Any CPU
		{95F3322B-A566-4BAB-8370-20C92EACDBC1}.Debug|Any CPU.Build.0 = Debug|Any CPU
		{95F3322B-A566-4BAB-8370-20C92EACDBC1}.Release|Any CPU.ActiveCfg = Release|Any CPU
		{95F3322B-A566-4BAB-8370-20C92EACDBC1}.Release|Any CPU.Build.0 = Release|Any CPU
		{95F3322B-A566-4BAB-8370-20C92EACDBC1}.Deploy|Any CPU.ActiveCfg = Deploy|Any CPU
		{95F3322B-A566-4BAB-8370-20C92EACDBC1}.Deploy|Any CPU.Build.0 = Deploy|Any CPU
		{95F3322B-A566-4BAB-8370-20C92EACDBC1}.DeployAndRun|Any CPU.ActiveCfg = DeployAndRun|Any CPU
		{95F3322B-A566-4BAB-8370-20C92EACDBC1}.DeployAndRun|Any CPU.Build.0 = DeployAndRun|Any CPU
		{DF0E5AE8-2B81-48E9-9BB2-CE29F2AAD9E7}.Debug|Any CPU.ActiveCfg = Debug|Any CPU
		{DF0E5AE8-2B81-48E9-9BB2-CE29F2AAD9E7}.Debug|Any CPU.Build.0 = Debug|Any CPU
		{DF0E5AE8-2B81-48E9-9BB2-CE29F2AAD9E7}.Release|Any CPU.ActiveCfg = Release|Any CPU
		{DF0E5AE8-2B81-48E9-9BB2-CE29F2AAD9E7}.Release|Any CPU.Build.0 = Release|Any CPU
		{DF0E5AE8-2B81-48E9-9BB2-CE29F2AAD9E7}.Deploy|Any CPU.ActiveCfg = Deploy|Any CPU
		{DF0E5AE8-2B81-48E9-9BB2-CE29F2AAD9E7}.Deploy|Any CPU.Build.0 = Deploy|Any CPU
		{DF0E5AE8-2B81-48E9-9BB2-CE29F2AAD9E7}.DeployAndRun|Any CPU.ActiveCfg = DeployAndRun|Any CPU
		{DF0E5AE8-2B81-48E9-9BB2-CE29F2AAD9E7}.DeployAndRun|Any CPU.Build.0 = DeployAndRun|Any CPU
	EndGlobalSection
EndGlobal
